
Microsoft Visual Studio Solution File, Format Version 12.00
# Visual Studio Version 16
VisualStudioVersion = 16.0.30011.22
MinimumVisualStudioVersion = 10.0.40219.1
Project("{FAE04EC0-301F-11D3-BF4B-00C04F79EFBC}") = "Kata.Checkout", "Kata.Checkout.csproj", "{2B37C5B7-FD17-4F48-9E9C-CEECBB6035FF}"
EndProject
Project("{FAE04EC0-301F-11D3-BF4B-00C04F79EFBC}") = "Kata.Checkout.Test", "..\Kata.Checkout.Test\Kata.Checkout.Test.csproj", "{C625A9A1-2EC6-4E17-9AFC-946892E37EE1}"
EndProject
Global
	GlobalSection(SolutionConfigurationPlatforms) = preSolution
		Debug|Any CPU = Debug|Any CPU
		Release|Any CPU = Release|Any CPU
	EndGlobalSection
	GlobalSection(ProjectConfigurationPlatforms) = postSolution
		{2B37C5B7-FD17-4F48-9E9C-CEECBB6035FF}.Debug|Any CPU.ActiveCfg = Debug|Any CPU
		{2B37C5B7-FD17-4F48-9E9C-CEECBB6035FF}.Debug|Any CPU.Build.0 = Debug|Any CPU
		{2B37C5B7-FD17-4F48-9E9C-CEECBB6035FF}.Release|Any CPU.ActiveCfg = Release|Any CPU
		{2B37C5B7-FD17-4F48-9E9C-CEECBB6035FF}.Release|Any CPU.Build.0 = Release|Any CPU
		{C625A9A1-2EC6-4E17-9AFC-946892E37EE1}.Debug|Any CPU.ActiveCfg = Debug|Any CPU
		{C625A9A1-2EC6-4E17-9AFC-946892E37EE1}.Debug|Any CPU.Build.0 = Debug|Any CPU
		{C625A9A1-2EC6-4E17-9AFC-946892E37EE1}.Release|Any CPU.ActiveCfg = Release|Any CPU
		{C625A9A1-2EC6-4E17-9AFC-946892E37EE1}.Release|Any CPU.Build.0 = Release|Any CPU
	EndGlobalSection
	GlobalSection(SolutionProperties) = preSolution
		HideSolutionNode = FALSE
	EndGlobalSection
	GlobalSection(ExtensibilityGlobals) = postSolution
		SolutionGuid = {2DF5073C-96C4-4153-AC4A-A8249984FC82}
	EndGlobalSection
EndGlobal
